
Microsoft Visual Studio Solution File, Format Version 12.00
# Visual Studio Version 17
VisualStudioVersion = 17.5.2.0
MinimumVisualStudioVersion = 10.0.40219.1
Project("{2150E333-8FDC-42A3-9474-1A3956D46DE8}") = "Приложения", "Приложения", "{A82B4053-2648-47E1-2E03-4114F17FC956}"
EndProject
Project("{FAE04EC0-301F-11D3-BF4B-00C04F79EFBC}") = "WPFProjectWithPomeloSqlConnect", "Приложения\WPFProjectWithPomeloSqlConnect\WPFProjectWithPomeloSqlConnect.csproj", "{CC9AF1A3-32F8-CE72-C7C7-4C3F6CAFE1D0}"
EndProject
Global
	GlobalSection(SolutionConfigurationPlatforms) = preSolution
		Debug|Any CPU = Debug|Any CPU
		Release|Any CPU = Release|Any CPU
	EndGlobalSection
	GlobalSection(ProjectConfigurationPlatforms) = postSolution
		{CC9AF1A3-32F8-CE72-C7C7-4C3F6CAFE1D0}.Debug|Any CPU.ActiveCfg = Debug|Any CPU
		{CC9AF1A3-32F8-CE72-C7C7-4C3F6CAFE1D0}.Debug|Any CPU.Build.0 = Debug|Any CPU
		{CC9AF1A3-32F8-CE72-C7C7-4C3F6CAFE1D0}.Release|Any CPU.ActiveCfg = Release|Any CPU
		{CC9AF1A3-32F8-CE72-C7C7-4C3F6CAFE1D0}.Release|Any CPU.Build.0 = Release|Any CPU
	EndGlobalSection
	GlobalSection(SolutionProperties) = preSolution
		HideSolutionNode = FALSE
	EndGlobalSection
	GlobalSection(NestedProjects) = preSolution
		{CC9AF1A3-32F8-CE72-C7C7-4C3F6CAFE1D0} = {A82B4053-2648-47E1-2E03-4114F17FC956}
	EndGlobalSection
	GlobalSection(ExtensibilityGlobals) = postSolution
		SolutionGuid = {0575D53D-5537-4730-B2A5-6106F435A342}
	EndGlobalSection
EndGlobal
