
Microsoft Visual Studio Solution File, Format Version 12.00
Project("{FAE04EC0-301F-11D3-BF4B-00C04F79EFBC}") = "OPBDFirstApi", "OPBDFirstApi\OPBDFirstApi.csproj", "{ADD21BA8-BD5F-4794-8946-3EB7FD50F852}"
EndProject
Global
	GlobalSection(SolutionConfigurationPlatforms) = preSolution
		Debug|Any CPU = Debug|Any CPU
		Release|Any CPU = Release|Any CPU
	EndGlobalSection
	GlobalSection(ProjectConfigurationPlatforms) = postSolution
		{ADD21BA8-BD5F-4794-8946-3EB7FD50F852}.Debug|Any CPU.ActiveCfg = Debug|Any CPU
		{ADD21BA8-BD5F-4794-8946-3EB7FD50F852}.Debug|Any CPU.Build.0 = Debug|Any CPU
		{ADD21BA8-BD5F-4794-8946-3EB7FD50F852}.Release|Any CPU.ActiveCfg = Release|Any CPU
		{ADD21BA8-BD5F-4794-8946-3EB7FD50F852}.Release|Any CPU.Build.0 = Release|Any CPU
	EndGlobalSection
EndGlobal
